
Microsoft Visual Studio Solution File, Format Version 12.00
# Visual Studio Version 17
VisualStudioVersion = 17.14.36804.6
MinimumVisualStudioVersion = 10.0.40219.1
Project("{FAE04EC0-301F-11D3-BF4B-00C04F79EFBC}") = "RandomStarDefense", "RandomStarDefense\RandomStarDefense.csproj", "{6C6051B3-E83D-4A5C-A77D-6EB74424C473}"
EndProject
Project("{FAE04EC0-301F-11D3-BF4B-00C04F79EFBC}") = "RunProject", "RunProject\RunProject.csproj", "{CFEDF45A-EA65-4F7A-9DBA-FF6D323F678A}"
EndProject
Global
	GlobalSection(SolutionConfigurationPlatforms) = preSolution
		Debug|Any CPU = Debug|Any CPU
		Release|Any CPU = Release|Any CPU
	EndGlobalSection
	GlobalSection(ProjectConfigurationPlatforms) = postSolution
		{6C6051B3-E83D-4A5C-A77D-6EB74424C473}.Debug|Any CPU.ActiveCfg = Debug|Any CPU
		{6C6051B3-E83D-4A5C-A77D-6EB74424C473}.Debug|Any CPU.Build.0 = Debug|Any CPU
		{6C6051B3-E83D-4A5C-A77D-6EB74424C473}.Release|Any CPU.ActiveCfg = Release|Any CPU
		{6C6051B3-E83D-4A5C-A77D-6EB74424C473}.Release|Any CPU.Build.0 = Release|Any CPU
		{CFEDF45A-EA65-4F7A-9DBA-FF6D323F678A}.Debug|Any CPU.ActiveCfg = Debug|Any CPU
		{CFEDF45A-EA65-4F7A-9DBA-FF6D323F678A}.Debug|Any CPU.Build.0 = Debug|Any CPU
		{CFEDF45A-EA65-4F7A-9DBA-FF6D323F678A}.Release|Any CPU.ActiveCfg = Release|Any CPU
		{CFEDF45A-EA65-4F7A-9DBA-FF6D323F678A}.Release|Any CPU.Build.0 = Release|Any CPU
	EndGlobalSection
	GlobalSection(SolutionProperties) = preSolution
		HideSolutionNode = FALSE
	EndGlobalSection
	GlobalSection(ExtensibilityGlobals) = postSolution
		SolutionGuid = {F95D61FC-F875-4BC6-B30B-1523ED594816}
	EndGlobalSection
EndGlobal
